Microsoft Visual Studio Solution File, Format Version 12.00
# Visual Studio Version 17
VisualStudioVersion = 17.0.31903.59
MinimumVisualStudioVersion = 10.0.40219.1
Project("{FAE04EC0-301F-11D3-BF4B-00C04F79EFBC}") = "N3038ba137f994962a4a97b0d10319552gm_ewarr_sale3fmb.API", "N3038ba137f994962a4a97b0d10319552gm_ewarr_sale3fmb.API\N3038ba137f994962a4a97b0d10319552gm_ewarr_sale3fmb.API.csproj", "{DE0B70EA-F210-4EF4-BE30-9AC13C643D2C}"
EndProject
Project("{FAE04EC0-301F-11D3-BF4B-00C04F79EFBC}") = "N3038ba137f994962a4a97b0d10319552gm_ewarr_sale3fmb.Client", "N3038ba137f994962a4a97b0d10319552gm_ewarr_sale3fmb.Client\N3038ba137f994962a4a97b0d10319552gm_ewarr_sale3fmb.Client.csproj", "{CCC469C3-07AD-4E42-820B-9E634D1E0291}"
EndProject
Global
	GlobalSection(SolutionConfigurationPlatforms) = preSolution
		Debug|Any CPU = Debug|Any CPU
		Release|Any CPU = Release|Any CPU
	EndGlobalSection
	GlobalSection(ProjectConfigurationPlatforms) = postSolution
		{DE0B70EA-F210-4EF4-BE30-9AC13C643D2C}.Debug|Any CPU.ActiveCfg = Debug|Any CPU
		{DE0B70EA-F210-4EF4-BE30-9AC13C643D2C}.Debug|Any CPU.Build.0 = Debug|Any CPU
		{DE0B70EA-F210-4EF4-BE30-9AC13C643D2C}.Release|Any CPU.ActiveCfg = Release|Any CPU
		{DE0B70EA-F210-4EF4-BE30-9AC13C643D2C}.Release|Any CPU.Build.0 = Release|Any CPU
		{CCC469C3-07AD-4E42-820B-9E634D1E0291}.Debug|Any CPU.ActiveCfg = Debug|Any CPU
		{CCC469C3-07AD-4E42-820B-9E634D1E0291}.Debug|Any CPU.Build.0 = Debug|Any CPU
		{CCC469C3-07AD-4E42-820B-9E634D1E0291}.Release|Any CPU.ActiveCfg = Release|Any CPU
		{CCC469C3-07AD-4E42-820B-9E634D1E0291}.Release|Any CPU.Build.0 = Release|Any CPU
	EndGlobalSection
EndGlobal