Microsoft Visual Studio Solution File, Format Version 12.00
# Visual Studio Version 17
VisualStudioVersion = 17.0.31903.59
MinimumVisualStudioVersion = 10.0.40219.1
Project("{FAE04EC0-301F-11D3-BF4B-00C04F79EFBC}") = "f2e8c5470710454290ed48951b87ba28gm_ewarr_sale3fmb.API", "f2e8c5470710454290ed48951b87ba28gm_ewarr_sale3fmb.API\f2e8c5470710454290ed48951b87ba28gm_ewarr_sale3fmb.API.csproj", "{907E6506-C5C4-4DBB-9391-18DF3ED00A79}"
EndProject
Project("{FAE04EC0-301F-11D3-BF4B-00C04F79EFBC}") = "f2e8c5470710454290ed48951b87ba28gm_ewarr_sale3fmb.Client", "f2e8c5470710454290ed48951b87ba28gm_ewarr_sale3fmb.Client\f2e8c5470710454290ed48951b87ba28gm_ewarr_sale3fmb.Client.csproj", "{0FF41F48-8023-4205-A5D3-26C6E449C48F}"
EndProject
Global
	GlobalSection(SolutionConfigurationPlatforms) = preSolution
		Debug|Any CPU = Debug|Any CPU
		Release|Any CPU = Release|Any CPU
	EndGlobalSection
	GlobalSection(ProjectConfigurationPlatforms) = postSolution
		{907E6506-C5C4-4DBB-9391-18DF3ED00A79}.Debug|Any CPU.ActiveCfg = Debug|Any CPU
		{907E6506-C5C4-4DBB-9391-18DF3ED00A79}.Debug|Any CPU.Build.0 = Debug|Any CPU
		{907E6506-C5C4-4DBB-9391-18DF3ED00A79}.Release|Any CPU.ActiveCfg = Release|Any CPU
		{907E6506-C5C4-4DBB-9391-18DF3ED00A79}.Release|Any CPU.Build.0 = Release|Any CPU
		{0FF41F48-8023-4205-A5D3-26C6E449C48F}.Debug|Any CPU.ActiveCfg = Debug|Any CPU
		{0FF41F48-8023-4205-A5D3-26C6E449C48F}.Debug|Any CPU.Build.0 = Debug|Any CPU
		{0FF41F48-8023-4205-A5D3-26C6E449C48F}.Release|Any CPU.ActiveCfg = Release|Any CPU
		{0FF41F48-8023-4205-A5D3-26C6E449C48F}.Release|Any CPU.Build.0 = Release|Any CPU
	EndGlobalSection
EndGlobal