Microsoft Visual Studio Solution File, Format Version 12.00
# Visual Studio Version 17
VisualStudioVersion = 17.0.31903.59
MinimumVisualStudioVersion = 10.0.40219.1
Project("{FAE04EC0-301F-11D3-BF4B-00C04F79EFBC}") = "ExtendedWarrantySale.API", "ExtendedWarrantySale.API\ExtendedWarrantySale.API.csproj", "{C3D352FD-CDB7-41CB-ABFF-B1854416FC54}"
EndProject
Project("{FAE04EC0-301F-11D3-BF4B-00C04F79EFBC}") = "ExtendedWarrantySale.Client", "ExtendedWarrantySale.Client\ExtendedWarrantySale.Client.csproj", "{F18918FE-B6A6-40F4-9265-E1CC26270F5A}"
EndProject
Global
	GlobalSection(SolutionConfigurationPlatforms) = preSolution
		Debug|Any CPU = Debug|Any CPU
		Release|Any CPU = Release|Any CPU
	EndGlobalSection
	GlobalSection(ProjectConfigurationPlatforms) = postSolution
		{C3D352FD-CDB7-41CB-ABFF-B1854416FC54}.Debug|Any CPU.ActiveCfg = Debug|Any CPU
		{C3D352FD-CDB7-41CB-ABFF-B1854416FC54}.Debug|Any CPU.Build.0 = Debug|Any CPU
		{C3D352FD-CDB7-41CB-ABFF-B1854416FC54}.Release|Any CPU.ActiveCfg = Release|Any CPU
		{C3D352FD-CDB7-41CB-ABFF-B1854416FC54}.Release|Any CPU.Build.0 = Release|Any CPU
		{F18918FE-B6A6-40F4-9265-E1CC26270F5A}.Debug|Any CPU.ActiveCfg = Debug|Any CPU
		{F18918FE-B6A6-40F4-9265-E1CC26270F5A}.Debug|Any CPU.Build.0 = Debug|Any CPU
		{F18918FE-B6A6-40F4-9265-E1CC26270F5A}.Release|Any CPU.ActiveCfg = Release|Any CPU
		{F18918FE-B6A6-40F4-9265-E1CC26270F5A}.Release|Any CPU.Build.0 = Release|Any CPU
	EndGlobalSection
EndGlobal